
Microsoft Visual Studio Solution File, Format Version 12.00
# Visual Studio 14
VisualStudioVersion = 14.0.25420.1
MinimumVisualStudioVersion = 10.0.40219.1
Project("{FAE04EC0-301F-11D3-BF4B-00C04F79EFBC}") = "TeamWork", "TeamWork\TeamWork.csproj", "{7084F5E8-F440-4B73-AD05-124D44FF560C}"
	ProjectSection(ProjectDependencies) = postProject
		{10072EF9-2AB2-4F20-8DF0-9CB0816E17E5} = {10072EF9-2AB2-4F20-8DF0-9CB0816E17E5}
	EndProjectSection
EndProject
Project("{2150E333-8FDC-42A3-9474-1A3956D46DE8}") = "Libraries", "Libraries", "{2C675CAA-5A0E-4901-92DE-321CC5A8CE3D}"
EndProject
Project("{2150E333-8FDC-42A3-9474-1A3956D46DE8}") = "Auxiliary", "Auxiliary", "{610BE287-BF2B-4EC1-8A43-9AD3E0BE7BD9}"
EndProject
Project("{FAE04EC0-301F-11D3-BF4B-00C04F79EFBC}") = "VM_Base", "VM_Base\VM_Base.csproj", "{C0DE49BD-C2B1-4B30-A3CB-D000773E92C7}"
EndProject
Project("{FAE04EC0-301F-11D3-BF4B-00C04F79EFBC}") = "Facades", "Libraries\Facades\Facades.csproj", "{D1BD3F94-F6CC-497E-83EA-599962E2FE74}"
EndProject
Project("{FAE04EC0-301F-11D3-BF4B-00C04F79EFBC}") = "DelegateCommand", "DelegateCommand\DelegateCommand.csproj", "{DB973E44-6E02-45D1-B640-1A4AF0C453F5}"
EndProject
Project("{2150E333-8FDC-42A3-9474-1A3956D46DE8}") = "Database", "Database", "{F485D795-59B8-434E-9042-88EF0558DD3F}"
EndProject
Project("{FAE04EC0-301F-11D3-BF4B-00C04F79EFBC}") = "Service_Host", "Libraries\Chat_Host\Service_Host.csproj", "{E54D2A7E-CFF3-4062-A103-AC55FF6EB792}"
EndProject
Project("{2150E333-8FDC-42A3-9474-1A3956D46DE8}") = "Themes", "Themes", "{D80AFA59-2696-42D6-A35E-5E1736190EC0}"
EndProject
Project("{FAE04EC0-301F-11D3-BF4B-00C04F79EFBC}") = "Authorization", "Authorization\Authorization.csproj", "{F4F780F2-3A63-4CEC-9BCA-4B60F2070F01}"
EndProject
Project("{FAE04EC0-301F-11D3-BF4B-00C04F79EFBC}") = "Editor_Projects", "Editor_Projects\Editor_Projects.csproj", "{4FC0B850-6C44-47DB-B708-D6D398525F39}"
EndProject
Project("{FAE04EC0-301F-11D3-BF4B-00C04F79EFBC}") = "Editor_Task", "Editor_Task\Editor_Task.csproj", "{B28700C9-1B09-44E3-8011-93B9B6DE81ED}"
EndProject
Project("{FAE04EC0-301F-11D3-BF4B-00C04F79EFBC}") = "AccentStyle", "AccentStyle\AccentStyle.csproj", "{7DB75A89-714D-4E0B-AA3B-6111A72FD44A}"
EndProject
Project("{FAE04EC0-301F-11D3-BF4B-00C04F79EFBC}") = "TeamworkDB", "TeamworkDB\TeamworkDB.csproj", "{9F5F8B88-D33A-41DE-9962-C2838525AAE8}"
EndProject
Project("{FAE04EC0-301F-11D3-BF4B-00C04F79EFBC}") = "TeamworkDBEntity", "TeamworkDBEntity\TeamworkDBEntity.csproj", "{8E467ACA-EA86-4DF4-A04A-918389EC28C7}"
EndProject
Project("{FAE04EC0-301F-11D3-BF4B-00C04F79EFBC}") = "StaffDatabaseUnit", "StaffDatabaseUnit\StaffDatabaseUnit.csproj", "{E37DE5B2-66B9-4AD4-94A4-DE5D48639AFE}"
EndProject
Project("{2150E333-8FDC-42A3-9474-1A3956D46DE8}") = "FileSharing", "FileSharing", "{FF540B93-BDA3-435B-90A5-44FFFBE9209D}"
EndProject
Project("{FAE04EC0-301F-11D3-BF4B-00C04F79EFBC}") = "Server", "FileSharing\Server\Server\Server.csproj", "{B5C09DD8-52AB-4F15-9B6B-7A716A12A4A8}"
EndProject
Project("{FAE04EC0-301F-11D3-BF4B-00C04F79EFBC}") = "ProgramMessenger_WcfSL", "ProgramMessenger_WcfSL\ProgramMessenger_WcfSL.csproj", "{10072EF9-2AB2-4F20-8DF0-9CB0816E17E5}"
EndProject
Project("{2150E333-8FDC-42A3-9474-1A3956D46DE8}") = "MessageBoxs", "MessageBoxs", "{C901FA8E-76AE-43DA-91FD-FE7748405366}"
EndProject
Project("{2150E333-8FDC-42A3-9474-1A3956D46DE8}") = "Services", "Services", "{5C1ED44F-B279-4436-B297-94EB978AE2FE}"
EndProject
Project("{FAE04EC0-301F-11D3-BF4B-00C04F79EFBC}") = "CustomMessageBox_OK", "CustomMessageBox_OK\CustomMessageBox_OK.csproj", "{E0C09FAA-8EAC-44A8-93E3-F869066F1A7C}"
EndProject
Project("{FAE04EC0-301F-11D3-BF4B-00C04F79EFBC}") = "CustomMessageBox_YesNo", "CustomMessageBox_YesNo\CustomMessageBox_YesNo.csproj", "{81698661-3199-4F8C-A27D-F40B22FC25E1}"
EndProject
Global
	GlobalSection(SolutionConfigurationPlatforms) = preSolution
		Debug|Any CPU = Debug|Any CPU
		Release|Any CPU = Release|Any CPU
	EndGlobalSection
	GlobalSection(ProjectConfigurationPlatforms) = postSolution
		{7084F5E8-F440-4B73-AD05-124D44FF560C}.Debug|Any CPU.ActiveCfg = Debug|Any CPU
		{7084F5E8-F440-4B73-AD05-124D44FF560C}.Debug|Any CPU.Build.0 = Debug|Any CPU
		{7084F5E8-F440-4B73-AD05-124D44FF560C}.Release|Any CPU.ActiveCfg = Release|Any CPU
		{7084F5E8-F440-4B73-AD05-124D44FF560C}.Release|Any CPU.Build.0 = Release|Any CPU
		{C0DE49BD-C2B1-4B30-A3CB-D000773E92C7}.Debug|Any CPU.ActiveCfg = Debug|Any CPU
		{C0DE49BD-C2B1-4B30-A3CB-D000773E92C7}.Debug|Any CPU.Build.0 = Debug|Any CPU
		{C0DE49BD-C2B1-4B30-A3CB-D000773E92C7}.Release|Any CPU.ActiveCfg = Release|Any CPU
		{C0DE49BD-C2B1-4B30-A3CB-D000773E92C7}.Release|Any CPU.Build.0 = Release|Any CPU
		{D1BD3F94-F6CC-497E-83EA-599962E2FE74}.Debug|Any CPU.ActiveCfg = Debug|Any CPU
		{D1BD3F94-F6CC-497E-83EA-599962E2FE74}.Debug|Any CPU.Build.0 = Debug|Any CPU
		{D1BD3F94-F6CC-497E-83EA-599962E2FE74}.Release|Any CPU.ActiveCfg = Release|Any CPU
		{D1BD3F94-F6CC-497E-83EA-599962E2FE74}.Release|Any CPU.Build.0 = Release|Any CPU
		{DB973E44-6E02-45D1-B640-1A4AF0C453F5}.Debug|Any CPU.ActiveCfg = Debug|Any CPU
		{DB973E44-6E02-45D1-B640-1A4AF0C453F5}.Debug|Any CPU.Build.0 = Debug|Any CPU
		{DB973E44-6E02-45D1-B640-1A4AF0C453F5}.Release|Any CPU.ActiveCfg = Release|Any CPU
		{DB973E44-6E02-45D1-B640-1A4AF0C453F5}.Release|Any CPU.Build.0 = Release|Any CPU
		{E54D2A7E-CFF3-4062-A103-AC55FF6EB792}.Debug|Any CPU.ActiveCfg = Debug|Any CPU
		{E54D2A7E-CFF3-4062-A103-AC55FF6EB792}.Debug|Any CPU.Build.0 = Debug|Any CPU
		{E54D2A7E-CFF3-4062-A103-AC55FF6EB792}.Release|Any CPU.ActiveCfg = Release|Any CPU
		{E54D2A7E-CFF3-4062-A103-AC55FF6EB792}.Release|Any CPU.Build.0 = Release|Any CPU
		{F4F780F2-3A63-4CEC-9BCA-4B60F2070F01}.Debug|Any CPU.ActiveCfg = Debug|Any CPU
		{F4F780F2-3A63-4CEC-9BCA-4B60F2070F01}.Debug|Any CPU.Build.0 = Debug|Any CPU
		{F4F780F2-3A63-4CEC-9BCA-4B60F2070F01}.Release|Any CPU.ActiveCfg = Release|Any CPU
		{F4F780F2-3A63-4CEC-9BCA-4B60F2070F01}.Release|Any CPU.Build.0 = Release|Any CPU
		{4FC0B850-6C44-47DB-B708-D6D398525F39}.Debug|Any CPU.ActiveCfg = Debug|Any CPU
		{4FC0B850-6C44-47DB-B708-D6D398525F39}.Debug|Any CPU.Build.0 = Debug|Any CPU
		{4FC0B850-6C44-47DB-B708-D6D398525F39}.Release|Any CPU.ActiveCfg = Release|Any CPU
		{4FC0B850-6C44-47DB-B708-D6D398525F39}.Release|Any CPU.Build.0 = Release|Any CPU
		{B28700C9-1B09-44E3-8011-93B9B6DE81ED}.Debug|Any CPU.ActiveCfg = Debug|Any CPU
		{B28700C9-1B09-44E3-8011-93B9B6DE81ED}.Debug|Any CPU.Build.0 = Debug|Any CPU
		{B28700C9-1B09-44E3-8011-93B9B6DE81ED}.Release|Any CPU.ActiveCfg = Release|Any CPU
		{B28700C9-1B09-44E3-8011-93B9B6DE81ED}.Release|Any CPU.Build.0 = Release|Any CPU
		{7DB75A89-714D-4E0B-AA3B-6111A72FD44A}.Debug|Any CPU.ActiveCfg = Debug|Any CPU
		{7DB75A89-714D-4E0B-AA3B-6111A72FD44A}.Debug|Any CPU.Build.0 = Debug|Any CPU
		{7DB75A89-714D-4E0B-AA3B-6111A72FD44A}.Release|Any CPU.ActiveCfg = Release|Any CPU
		{7DB75A89-714D-4E0B-AA3B-6111A72FD44A}.Release|Any CPU.Build.0 = Release|Any CPU
		{9F5F8B88-D33A-41DE-9962-C2838525AAE8}.Debug|Any CPU.ActiveCfg = Debug|Any CPU
		{9F5F8B88-D33A-41DE-9962-C2838525AAE8}.Debug|Any CPU.Build.0 = Debug|Any CPU
		{9F5F8B88-D33A-41DE-9962-C2838525AAE8}.Release|Any CPU.ActiveCfg = Release|Any CPU
		{9F5F8B88-D33A-41DE-9962-C2838525AAE8}.Release|Any CPU.Build.0 = Release|Any CPU
		{8E467ACA-EA86-4DF4-A04A-918389EC28C7}.Debug|Any CPU.ActiveCfg = Debug|Any CPU
		{8E467ACA-EA86-4DF4-A04A-918389EC28C7}.Debug|Any CPU.Build.0 = Debug|Any CPU
		{8E467ACA-EA86-4DF4-A04A-918389EC28C7}.Release|Any CPU.ActiveCfg = Release|Any CPU
		{8E467ACA-EA86-4DF4-A04A-918389EC28C7}.Release|Any CPU.Build.0 = Release|Any CPU
		{E37DE5B2-66B9-4AD4-94A4-DE5D48639AFE}.Debug|Any CPU.ActiveCfg = Debug|Any CPU
		{E37DE5B2-66B9-4AD4-94A4-DE5D48639AFE}.Debug|Any CPU.Build.0 = Debug|Any CPU
		{E37DE5B2-66B9-4AD4-94A4-DE5D48639AFE}.Release|Any CPU.ActiveCfg = Release|Any CPU
		{E37DE5B2-66B9-4AD4-94A4-DE5D48639AFE}.Release|Any CPU.Build.0 = Release|Any CPU
		{B5C09DD8-52AB-4F15-9B6B-7A716A12A4A8}.Debug|Any CPU.ActiveCfg = Debug|Any CPU
		{B5C09DD8-52AB-4F15-9B6B-7A716A12A4A8}.Debug|Any CPU.Build.0 = Debug|Any CPU
		{B5C09DD8-52AB-4F15-9B6B-7A716A12A4A8}.Release|Any CPU.ActiveCfg = Release|Any CPU
		{B5C09DD8-52AB-4F15-9B6B-7A716A12A4A8}.Release|Any CPU.Build.0 = Release|Any CPU
		{10072EF9-2AB2-4F20-8DF0-9CB0816E17E5}.Debug|Any CPU.ActiveCfg = Debug|Any CPU
		{10072EF9-2AB2-4F20-8DF0-9CB0816E17E5}.Debug|Any CPU.Build.0 = Debug|Any CPU
		{10072EF9-2AB2-4F20-8DF0-9CB0816E17E5}.Release|Any CPU.ActiveCfg = Release|Any CPU
		{10072EF9-2AB2-4F20-8DF0-9CB0816E17E5}.Release|Any CPU.Build.0 = Release|Any CPU
		{E0C09FAA-8EAC-44A8-93E3-F869066F1A7C}.Debug|Any CPU.ActiveCfg = Debug|Any CPU
		{E0C09FAA-8EAC-44A8-93E3-F869066F1A7C}.Debug|Any CPU.Build.0 = Debug|Any CPU
		{E0C09FAA-8EAC-44A8-93E3-F869066F1A7C}.Release|Any CPU.ActiveCfg = Release|Any CPU
		{E0C09FAA-8EAC-44A8-93E3-F869066F1A7C}.Release|Any CPU.Build.0 = Release|Any CPU
		{81698661-3199-4F8C-A27D-F40B22FC25E1}.Debug|Any CPU.ActiveCfg = Debug|Any CPU
		{81698661-3199-4F8C-A27D-F40B22FC25E1}.Debug|Any CPU.Build.0 = Debug|Any CPU
		{81698661-3199-4F8C-A27D-F40B22FC25E1}.Release|Any CPU.ActiveCfg = Release|Any CPU
		{81698661-3199-4F8C-A27D-F40B22FC25E1}.Release|Any CPU.Build.0 = Release|Any CPU
	EndGlobalSection
	GlobalSection(SolutionProperties) = preSolution
		HideSolutionNode = FALSE
	EndGlobalSection
	GlobalSection(NestedProjects) = preSolution
		{610BE287-BF2B-4EC1-8A43-9AD3E0BE7BD9} = {2C675CAA-5A0E-4901-92DE-321CC5A8CE3D}
		{C0DE49BD-C2B1-4B30-A3CB-D000773E92C7} = {610BE287-BF2B-4EC1-8A43-9AD3E0BE7BD9}
		{D1BD3F94-F6CC-497E-83EA-599962E2FE74} = {610BE287-BF2B-4EC1-8A43-9AD3E0BE7BD9}
		{DB973E44-6E02-45D1-B640-1A4AF0C453F5} = {610BE287-BF2B-4EC1-8A43-9AD3E0BE7BD9}
		{F485D795-59B8-434E-9042-88EF0558DD3F} = {2C675CAA-5A0E-4901-92DE-321CC5A8CE3D}
		{E54D2A7E-CFF3-4062-A103-AC55FF6EB792} = {5C1ED44F-B279-4436-B297-94EB978AE2FE}
		{D80AFA59-2696-42D6-A35E-5E1736190EC0} = {2C675CAA-5A0E-4901-92DE-321CC5A8CE3D}
		{7DB75A89-714D-4E0B-AA3B-6111A72FD44A} = {D80AFA59-2696-42D6-A35E-5E1736190EC0}
		{9F5F8B88-D33A-41DE-9962-C2838525AAE8} = {F485D795-59B8-434E-9042-88EF0558DD3F}
		{8E467ACA-EA86-4DF4-A04A-918389EC28C7} = {F485D795-59B8-434E-9042-88EF0558DD3F}
		{FF540B93-BDA3-435B-90A5-44FFFBE9209D} = {5C1ED44F-B279-4436-B297-94EB978AE2FE}
		{B5C09DD8-52AB-4F15-9B6B-7A716A12A4A8} = {FF540B93-BDA3-435B-90A5-44FFFBE9209D}
		{10072EF9-2AB2-4F20-8DF0-9CB0816E17E5} = {5C1ED44F-B279-4436-B297-94EB978AE2FE}
		{E0C09FAA-8EAC-44A8-93E3-F869066F1A7C} = {C901FA8E-76AE-43DA-91FD-FE7748405366}
		{81698661-3199-4F8C-A27D-F40B22FC25E1} = {C901FA8E-76AE-43DA-91FD-FE7748405366}
	EndGlobalSection
EndGlobal
